// !$*UTF8*$!
{
	archiveVersion = 1;
	classes = {
	};
	objectVersion = 50;
	objects = {

/* Begin PBXBuildFile section */
		08FA779919607247F5921072 /* libPods-ZJCollectionViewSummary.a in Frameworks */ = {isa = PBXBuildFile; fileRef = AA6D33E1BE30FDFE1DAB41A8 /* libPods-ZJCollectionViewSummary.a */; };
		1A55F58620D8E02D00C4626B /* ZJReorderFlowLayout.m in Sources */ = {isa = PBXBuildFile; fileRef = 1A55F57320D8E02D00C4626B /* ZJReorderFlowLayout.m */; };
		1A55F58720D8E02D00C4626B /* ZJWaterLayout.m in Sources */ = {isa = PBXBuildFile; fileRef = 1A55F57520D8E02D00C4626B /* ZJWaterLayout.m */; };
		1A55F58820D8E02D00C4626B /* ZJCirleLayout.m in Sources */ = {isa = PBXBuildFile; fileRef = 1A55F57720D8E02D00C4626B /* ZJCirleLayout.m */; };
		1A55F58920D8E02D00C4626B /* ZJLineScaleFlowLayout.m in Sources */ = {isa = PBXBuildFile; fileRef = 1A55F57920D8E02D00C4626B /* ZJLineScaleFlowLayout.m */; };
		1A55F58A20D8E02D00C4626B /* ZJGridLayout.m in Sources */ = {isa = PBXBuildFile; fileRef = 1A55F57B20D8E02D00C4626B /* ZJGridLayout.m */; };
		1A55F58B20D8E02D00C4626B /* ZJCycleViewCell.m in Sources */ = {isa = PBXBuildFile; fileRef = 1A55F57E20D8E02D00C4626B /* ZJCycleViewCell.m */; };
		1A55F58C20D8E02D00C4626B /* ZJPageControl.m in Sources */ = {isa = PBXBuildFile; fileRef = 1A55F57F20D8E02D00C4626B /* ZJPageControl.m */; };
		1A55F58D20D8E02D00C4626B /* UIView+ZJExtension.m in Sources */ = {isa = PBXBuildFile; fileRef = 1A55F58020D8E02D00C4626B /* UIView+ZJExtension.m */; };
		1A55F58E20D8E02D00C4626B /* ZJCycleView.m in Sources */ = {isa = PBXBuildFile; fileRef = 1A55F58120D8E02D00C4626B /* ZJCycleView.m */; };
		1A55F59420D9070700C4626B /* ZJCollectionViewRightIndex.m in Sources */ = {isa = PBXBuildFile; fileRef = 1A55F59220D9070700C4626B /* ZJCollectionViewRightIndex.m */; };
		6200471620D0A75300D20F69 /* ZJWaterLayoutCollectionViewCell.m in Sources */ = {isa = PBXBuildFile; fileRef = 6200471520D0A75300D20F69 /* ZJWaterLayoutCollectionViewCell.m */; };
		6200472320D0C5C800D20F69 /* ZJLineLayoutViewController.m in Sources */ = {isa = PBXBuildFile; fileRef = 6200472120D0C5C800D20F69 /* ZJLineLayoutViewController.m */; };
		6206CADD20BD57DD001538FB /* ZJAddSectionOrCellViewController.m in Sources */ = {isa = PBXBuildFile; fileRef = 6206CADC20BD57DD001538FB /* ZJAddSectionOrCellViewController.m */; };
		6236E5C120C8C17200082F21 /* ZJAddHeaderViewViewController.m in Sources */ = {isa = PBXBuildFile; fileRef = 6236E5C020C8C17200082F21 /* ZJAddHeaderViewViewController.m */; };
		6236E5C820C8CFC100082F21 /* ZJAddHeaderForCollectionReusableView.m in Sources */ = {isa = PBXBuildFile; fileRef = 6236E5C620C8CFC100082F21 /* ZJAddHeaderForCollectionReusableView.m */; };
		6236E5C920C8CFC100082F21 /* ZJAddHeaderForCollectionReusableView.xib in Resources */ = {isa = PBXBuildFile; fileRef = 6236E5C720C8CFC100082F21 /* ZJAddHeaderForCollectionReusableView.xib */; };
		6280072720C7C322003B2984 /* adidasBrand.plist in Resources */ = {isa = PBXBuildFile; fileRef = 6280072620C7C321003B2984 /* adidasBrand.plist */; };
		629BFF6320CBD434004148A8 /* ZJCycleViewController.m in Sources */ = {isa = PBXBuildFile; fileRef = 629BFF6220CBD434004148A8 /* ZJCycleViewController.m */; };
		629BFF6F20CBD960004148A8 /* 8.jpg in Resources */ = {isa = PBXBuildFile; fileRef = 629BFF6520CBD95F004148A8 /* 8.jpg */; };
		629BFF7120CBD960004148A8 /* 4.jpg in Resources */ = {isa = PBXBuildFile; fileRef = 629BFF6820CBD95F004148A8 /* 4.jpg */; };
		629BFF7220CBD960004148A8 /* 5.jpg in Resources */ = {isa = PBXBuildFile; fileRef = 629BFF6920CBD95F004148A8 /* 5.jpg */; };
		629BFF7320CBD960004148A8 /* 7.jpg in Resources */ = {isa = PBXBuildFile; fileRef = 629BFF6A20CBD95F004148A8 /* 7.jpg */; };
		629BFF7420CBD960004148A8 /* 6.jpg in Resources */ = {isa = PBXBuildFile; fileRef = 629BFF6B20CBD95F004148A8 /* 6.jpg */; };
		629BFF7520CBD960004148A8 /* 2.jpg in Resources */ = {isa = PBXBuildFile; fileRef = 629BFF6C20CBD95F004148A8 /* 2.jpg */; };
		629BFF7620CBD960004148A8 /* 3.jpg in Resources */ = {isa = PBXBuildFile; fileRef = 629BFF6D20CBD95F004148A8 /* 3.jpg */; };
		629BFF7720CBD960004148A8 /* 1.jpg in Resources */ = {isa = PBXBuildFile; fileRef = 629BFF6E20CBD95F004148A8 /* 1.jpg */; };
		629E1FF120CE185100E1F7A6 /* figurePhoto13.png in Resources */ = {isa = PBXBuildFile; fileRef = 629E1FDA20CE185100E1F7A6 /* figurePhoto13.png */; };
		629E1FF220CE185100E1F7A6 /* figurePhoto07.png in Resources */ = {isa = PBXBuildFile; fileRef = 629E1FDB20CE185100E1F7A6 /* figurePhoto07.png */; };
		629E1FF320CE185100E1F7A6 /* figurePhoto06.png in Resources */ = {isa = PBXBuildFile; fileRef = 629E1FDC20CE185100E1F7A6 /* figurePhoto06.png */; };
		629E1FF420CE185100E1F7A6 /* figurePhoto12.png in Resources */ = {isa = PBXBuildFile; fileRef = 629E1FDD20CE185100E1F7A6 /* figurePhoto12.png */; };
		629E1FF520CE185100E1F7A6 /* figurePhoto04.png in Resources */ = {isa = PBXBuildFile; fileRef = 629E1FDE20CE185100E1F7A6 /* figurePhoto04.png */; };
		629E1FF620CE185100E1F7A6 /* figurePhoto10.png in Resources */ = {isa = PBXBuildFile; fileRef = 629E1FDF20CE185100E1F7A6 /* figurePhoto10.png */; };
		629E1FF720CE185100E1F7A6 /* figurePhoto11.png in Resources */ = {isa = PBXBuildFile; fileRef = 629E1FE020CE185100E1F7A6 /* figurePhoto11.png */; };
		629E1FF820CE185100E1F7A6 /* figurePhoto05.png in Resources */ = {isa = PBXBuildFile; fileRef = 629E1FE120CE185100E1F7A6 /* figurePhoto05.png */; };
		629E1FF920CE185100E1F7A6 /* figurePhoto01.png in Resources */ = {isa = PBXBuildFile; fileRef = 629E1FE220CE185100E1F7A6 /* figurePhoto01.png */; };
		629E1FFA20CE185100E1F7A6 /* figurePhoto15.png in Resources */ = {isa = PBXBuildFile; fileRef = 629E1FE320CE185100E1F7A6 /* figurePhoto15.png */; };
		629E1FFB20CE185100E1F7A6 /* figurePhoto14.png in Resources */ = {isa = PBXBuildFile; fileRef = 629E1FE420CE185100E1F7A6 /* figurePhoto14.png */; };
		629E1FFD20CE185100E1F7A6 /* figurePhoto16.png in Resources */ = {isa = PBXBuildFile; fileRef = 629E1FE620CE185100E1F7A6 /* figurePhoto16.png */; };
		629E1FFE20CE185100E1F7A6 /* figurePhoto02.png in Resources */ = {isa = PBXBuildFile; fileRef = 629E1FE720CE185100E1F7A6 /* figurePhoto02.png */; };
		629E1FFF20CE185100E1F7A6 /* figurePhoto03.png in Resources */ = {isa = PBXBuildFile; fileRef = 629E1FE820CE185100E1F7A6 /* figurePhoto03.png */; };
		629E200020CE185100E1F7A6 /* figurePhoto17.png in Resources */ = {isa = PBXBuildFile; fileRef = 629E1FE920CE185100E1F7A6 /* figurePhoto17.png */; };
		629E200220CE185100E1F7A6 /* figurePhoto.plist in Resources */ = {isa = PBXBuildFile; fileRef = 629E1FEB20CE185100E1F7A6 /* figurePhoto.plist */; };
		629E200320CE185100E1F7A6 /* figurePhoto19.png in Resources */ = {isa = PBXBuildFile; fileRef = 629E1FEC20CE185100E1F7A6 /* figurePhoto19.png */; };
		629E200420CE185100E1F7A6 /* figurePhoto18.png in Resources */ = {isa = PBXBuildFile; fileRef = 629E1FED20CE185100E1F7A6 /* figurePhoto18.png */; };
		629E200520CE185100E1F7A6 /* figurePhoto20.png in Resources */ = {isa = PBXBuildFile; fileRef = 629E1FEE20CE185100E1F7A6 /* figurePhoto20.png */; };
		629E200620CE185100E1F7A6 /* figurePhoto08.png in Resources */ = {isa = PBXBuildFile; fileRef = 629E1FEF20CE185100E1F7A6 /* figurePhoto08.png */; };
		629E200720CE185100E1F7A6 /* figurePhoto09.png in Resources */ = {isa = PBXBuildFile; fileRef = 629E1FF020CE185100E1F7A6 /* figurePhoto09.png */; };
		629E200A20CE191400E1F7A6 /* ZJMultiSelectCellViewController.m in Sources */ = {isa = PBXBuildFile; fileRef = 629E200920CE191400E1F7A6 /* ZJMultiSelectCellViewController.m */; };
		629E200E20CE1A8D00E1F7A6 /* ZJMultiSelectCollectionViewCell.m in Sources */ = {isa = PBXBuildFile; fileRef = 629E200C20CE1A8D00E1F7A6 /* ZJMultiSelectCollectionViewCell.m */; };
		629E200F20CE1A8D00E1F7A6 /* ZJMultiSelectCollectionViewCell.xib in Resources */ = {isa = PBXBuildFile; fileRef = 629E200D20CE1A8D00E1F7A6 /* ZJMultiSelectCollectionViewCell.xib */; };
		629E201B20CE555300E1F7A6 /* ZJBlurEffect.m in Sources */ = {isa = PBXBuildFile; fileRef = 629E201A20CE555300E1F7A6 /* ZJBlurEffect.m */; };
		629E201E20CE5E0D00E1F7A6 /* ZJWaterLayoutListTableViewController.m in Sources */ = {isa = PBXBuildFile; fileRef = 629E201D20CE5E0D00E1F7A6 /* ZJWaterLayoutListTableViewController.m */; };
		629E202320CE5FBA00E1F7A6 /* ZJCirleLayoutViewController.m in Sources */ = {isa = PBXBuildFile; fileRef = 629E202220CE5FBA00E1F7A6 /* ZJCirleLayoutViewController.m */; };
		629E203420CE65DF00E1F7A6 /* 13.jpg in Resources */ = {isa = PBXBuildFile; fileRef = 629E202920CE65DD00E1F7A6 /* 13.jpg */; };
		629E203520CE65DF00E1F7A6 /* 11.jpg in Resources */ = {isa = PBXBuildFile; fileRef = 629E202A20CE65DD00E1F7A6 /* 11.jpg */; };
		629E203620CE65DF00E1F7A6 /* 12.jpg in Resources */ = {isa = PBXBuildFile; fileRef = 629E202B20CE65DD00E1F7A6 /* 12.jpg */; };
		629E203820CE65DF00E1F7A6 /* 16.jpg in Resources */ = {isa = PBXBuildFile; fileRef = 629E202D20CE65DD00E1F7A6 /* 16.jpg */; };
		629E203920CE65DF00E1F7A6 /* 18.jpg in Resources */ = {isa = PBXBuildFile; fileRef = 629E202E20CE65DE00E1F7A6 /* 18.jpg */; };
		629E203B20CE65DF00E1F7A6 /* 14.jpg in Resources */ = {isa = PBXBuildFile; fileRef = 629E203020CE65DE00E1F7A6 /* 14.jpg */; };
		629E203C20CE65DF00E1F7A6 /* 15.jpg in Resources */ = {isa = PBXBuildFile; fileRef = 629E203120CE65DE00E1F7A6 /* 15.jpg */; };
		629E203D20CE65DF00E1F7A6 /* 17.jpg in Resources */ = {isa = PBXBuildFile; fileRef = 629E203220CE65DE00E1F7A6 /* 17.jpg */; };
		629E203E20CE65DF00E1F7A6 /* 19.jpg in Resources */ = {isa = PBXBuildFile; fileRef = 629E203320CE65DF00E1F7A6 /* 19.jpg */; };
		629E204020CE666B00E1F7A6 /* 10.jpg in Resources */ = {isa = PBXBuildFile; fileRef = 629E203F20CE666B00E1F7A6 /* 10.jpg */; };
		629E204220CE66C600E1F7A6 /* 9.jpg in Resources */ = {isa = PBXBuildFile; fileRef = 629E204120CE66C600E1F7A6 /* 9.jpg */; };
		629E204620CE674A00E1F7A6 /* 20.jpg in Resources */ = {isa = PBXBuildFile; fileRef = 629E204520CE674900E1F7A6 /* 20.jpg */; };
		629E204D20CE68CF00E1F7A6 /* ZJGridLayoutViewController.m in Sources */ = {isa = PBXBuildFile; fileRef = 629E204C20CE68CF00E1F7A6 /* ZJGridLayoutViewController.m */; };
		629E205420CE6BCE00E1F7A6 /* 23.jpg in Resources */ = {isa = PBXBuildFile; fileRef = 629E204E20CE6BCD00E1F7A6 /* 23.jpg */; };
		629E205520CE6BCF00E1F7A6 /* 21.jpg in Resources */ = {isa = PBXBuildFile; fileRef = 629E204F20CE6BCD00E1F7A6 /* 21.jpg */; };
		629E205620CE6BCF00E1F7A6 /* 22.jpg in Resources */ = {isa = PBXBuildFile; fileRef = 629E205020CE6BCE00E1F7A6 /* 22.jpg */; };
		629E205820CE6BCF00E1F7A6 /* 26.jpg in Resources */ = {isa = PBXBuildFile; fileRef = 629E205220CE6BCE00E1F7A6 /* 26.jpg */; };
		629E205920CE6BCF00E1F7A6 /* 24.jpg in Resources */ = {isa = PBXBuildFile; fileRef = 629E205320CE6BCE00E1F7A6 /* 24.jpg */; };
		629E205C20CE6C6D00E1F7A6 /* 28.jpg in Resources */ = {isa = PBXBuildFile; fileRef = 629E205A20CE6C6C00E1F7A6 /* 28.jpg */; };
		629E205D20CE6C6D00E1F7A6 /* 27.jpg in Resources */ = {isa = PBXBuildFile; fileRef = 629E205B20CE6C6D00E1F7A6 /* 27.jpg */; };
		629E205F20CE6D6D00E1F7A6 /* 25.jpg in Resources */ = {isa = PBXBuildFile; fileRef = 629E205E20CE6D6D00E1F7A6 /* 25.jpg */; };
		62AD361820CE80F7003356DC /* 29.jpg in Resources */ = {isa = PBXBuildFile; fileRef = 62AD361620CE80F6003356DC /* 29.jpg */; };
		62AD361920CE80F7003356DC /* 30.jpg in Resources */ = {isa = PBXBuildFile; fileRef = 62AD361720CE80F6003356DC /* 30.jpg */; };
		62D38D9320BB99E400891601 /* Main.storyboard in Resources */ = {isa = PBXBuildFile; fileRef = 62D38D9120BB99E400891601 /* Main.storyboard */; };
		62D38D9520BB99E900891601 /* Assets.xcassets in Resources */ = {isa = PBXBuildFile; fileRef = 62D38D9420BB99E900891601 /* Assets.xcassets */; };
		62D38D9820BB99E900891601 /* LaunchScreen.storyboard in Resources */ = {isa = PBXBuildFile; fileRef = 62D38D9620BB99E900891601 /* LaunchScreen.storyboard */; };
		62D38DA520BB99EA00891601 /* ZJCollectionViewSummaryTests.m in Sources */ = {isa = PBXBuildFile; fileRef = 62D38DA420BB99EA00891601 /* ZJCollectionViewSummaryTests.m */; };
		62D38DB020BB99EA00891601 /* ZJCollectionViewSummaryUITests.m in Sources */ = {isa = PBXBuildFile; fileRef = 62D38DAF20BB99EA00891601 /* ZJCollectionViewSummaryUITests.m */; };
		62D38DC320BB9ADE00891601 /* main.m in Sources */ = {isa = PBXBuildFile; fileRef = 62D38DC020BB9ADE00891601 /* main.m */; };
		62D38DC420BB9ADE00891601 /* AppDelegate.m in Sources */ = {isa = PBXBuildFile; fileRef = 62D38DC120BB9ADE00891601 /* AppDelegate.m */; };
		62D38DC520BB9ADE00891601 /* Info.plist in Resources */ = {isa = PBXBuildFile; fileRef = 62D38DC220BB9ADE00891601 /* Info.plist */; };
		62D38DCB20BB9E8500891601 /* ZJNavigationController.m in Sources */ = {isa = PBXBuildFile; fileRef = 62D38DCA20BB9E8500891601 /* ZJNavigationController.m */; };
		62D38DCE20BB9EBE00891601 /* ZJFunctionListController.m in Sources */ = {isa = PBXBuildFile; fileRef = 62D38DCD20BB9EBE00891601 /* ZJFunctionListController.m */; };
		62D38DD120BBA53000891601 /* ZJGroupingCollectionViewController.m in Sources */ = {isa = PBXBuildFile; fileRef = 62D38DD020BBA53000891601 /* ZJGroupingCollectionViewController.m */; };
		62D38DD520BBAC5A00891601 /* ZJGroupingCollectionViewFlowLayout.m in Sources */ = {isa = PBXBuildFile; fileRef = 62D38DD420BBAC5A00891601 /* ZJGroupingCollectionViewFlowLayout.m */; };
		62D38DD820BBADD900891601 /* ZJGroupingCollectionViewCell.m in Sources */ = {isa = PBXBuildFile; fileRef = 62D38DD720BBADD900891601 /* ZJGroupingCollectionViewCell.m */; };
		62D38DE020BBD1CE00891601 /* allBrand.plist in Resources */ = {isa = PBXBuildFile; fileRef = 62D38DDF20BBD1CE00891601 /* allBrand.plist */; };
		62F1B85D20CF9E3800300C46 /* ZJWaterLayoutViewController.m in Sources */ = {isa = PBXBuildFile; fileRef = 62F1B85C20CF9E3800300C46 /* ZJWaterLayoutViewController.m */; };
		62F1B86220CFC69300300C46 /* 0.jpg in Resources */ = {isa = PBXBuildFile; fileRef = 62F1B86120CFC69300300C46 /* 0.jpg */; };
		62F1B8A820CFD6A600300C46 /* ZJReorderViewController.m in Sources */ = {isa = PBXBuildFile; fileRef = 62F1B8A720CFD6A600300C46 /* ZJReorderViewController.m */; };
/* End PBXBuildFile section */

/* Begin PBXContainerItemProxy section */
		62D38DA120BB99EA00891601 /* PBXContainerItemProxy */ = {
			isa = PBXContainerItemProxy;
			containerPortal = 62D38D8020BB99E400891601 /* Project object */;
			proxyType = 1;
			remoteGlobalIDString = 62D38D8720BB99E400891601;
			remoteInfo = ZJCollectionViewSummary;
		};
		62D38DAC20BB99EA00891601 /* PBXContainerItemProxy */ = {
			isa = PBXContainerItemProxy;
			containerPortal = 62D38D8020BB99E400891601 /* Project object */;
			proxyType = 1;
			remoteGlobalIDString = 62D38D8720BB99E400891601;
			remoteInfo = ZJCollectionViewSummary;
		};
/* End PBXContainerItemProxy section */

/* Begin PBXFileReference section */
		09F73D2A97B8873FB450A899 /* Pods-ZJCollectionViewSummary.debug.xcconfig */ = {isa = PBXFileReference; includeInIndex = 1; lastKnownFileType = text.xcconfig; name = "Pods-ZJCollectionViewSummary.debug.xcconfig"; path = "Pods/Target Support Files/Pods-ZJCollectionViewSummary/Pods-ZJCollectionViewSummary.debug.xcconfig"; sourceTree = "<group>"; };
		1A55F57320D8E02D00C4626B /* ZJReorderFlowLayout.m */ = {isa = PBXFileReference; fileEncoding = 4; lastKnownFileType = sourcecode.c.objc; path = ZJReorderFlowLayout.m; sourceTree = "<group>"; };
		1A55F57420D8E02D00C4626B /* ZJLineScaleFlowLayout.h */ = {isa = PBXFileReference; fileEncoding = 4; lastKnownFileType = sourcecode.c.h; path = ZJLineScaleFlowLayout.h; sourceTree = "<group>"; };
		1A55F57520D8E02D00C4626B /* ZJWaterLayout.m */ = {isa = PBXFileReference; fileEncoding = 4; lastKnownFileType = sourcecode.c.objc; path = ZJWaterLayout.m; sourceTree = "<group>"; };
		1A55F57620D8E02D00C4626B /* ZJGridLayout.h */ = {isa = PBXFileReference; fileEncoding = 4; lastKnownFileType = sourcecode.c.h; path = ZJGridLayout.h; sourceTree = "<group>"; };
		1A55F57720D8E02D00C4626B /* ZJCirleLayout.m */ = {isa = PBXFileReference; fileEncoding = 4; lastKnownFileType = sourcecode.c.objc; path = ZJCirleLayout.m; sourceTree = "<group>"; };
		1A55F57820D8E02D00C4626B /* ZJReorderFlowLayout.h */ = {isa = PBXFileReference; fileEncoding = 4; lastKnownFileType = sourcecode.c.h; path = ZJReorderFlowLayout.h; sourceTree = "<group>"; };
		1A55F57920D8E02D00C4626B /* ZJLineScaleFlowLayout.m */ = {isa = PBXFileReference; fileEncoding = 4; lastKnownFileType = sourcecode.c.objc; path = ZJLineScaleFlowLayout.m; sourceTree = "<group>"; };
		1A55F57A20D8E02D00C4626B /* ZJCirleLayout.h */ = {isa = PBXFileReference; fileEncoding = 4; lastKnownFileType = sourcecode.c.h; path = ZJCirleLayout.h; sourceTree = "<group>"; };
		1A55F57B20D8E02D00C4626B /* ZJGridLayout.m */ = {isa = PBXFileReference; fileEncoding = 4; lastKnownFileType = sourcecode.c.objc; path = ZJGridLayout.m; sourceTree = "<group>"; };
		1A55F57C20D8E02D00C4626B /* ZJWaterLayout.h */ = {isa = PBXFileReference; fileEncoding = 4; lastKnownFileType = sourcecode.c.h; path = ZJWaterLayout.h; sourceTree = "<group>"; };
		1A55F57E20D8E02D00C4626B /* ZJCycleViewCell.m */ = {isa = PBXFileReference; fileEncoding = 4; lastKnownFileType = sourcecode.c.objc; path = ZJCycleViewCell.m; sourceTree = "<group>"; };
		1A55F57F20D8E02D00C4626B /* ZJPageControl.m */ = {isa = PBXFileReference; fileEncoding = 4; lastKnownFileType = sourcecode.c.objc; path = ZJPageControl.m; sourceTree = "<group>"; };
		1A55F58020D8E02D00C4626B /* UIView+ZJExtension.m */ = {isa = PBXFileReference; fileEncoding = 4; lastKnownFileType = sourcecode.c.objc; path = "UIView+ZJExtension.m"; sourceTree = "<group>"; };
		1A55F58120D8E02D00C4626B /* ZJCycleView.m */ = {isa = PBXFileReference; fileEncoding = 4; lastKnownFileType = sourcecode.c.objc; path = ZJCycleView.m; sourceTree = "<group>"; };
		1A55F58220D8E02D00C4626B /* ZJCycleViewCell.h */ = {isa = PBXFileReference; fileEncoding = 4; lastKnownFileType = sourcecode.c.h; path = ZJCycleViewCell.h; sourceTree = "<group>"; };
		1A55F58320D8E02D00C4626B /* ZJCycleView.h */ = {isa = PBXFileReference; fileEncoding = 4; lastKnownFileType = sourcecode.c.h; path = ZJCycleView.h; sourceTree = "<group>"; };
		1A55F58420D8E02D00C4626B /* UIView+ZJExtension.h */ = {isa = PBXFileReference; fileEncoding = 4; lastKnownFileType = sourcecode.c.h; path = "UIView+ZJExtension.h"; sourceTree = "<group>"; };
		1A55F58520D8E02D00C4626B /* ZJPageControl.h */ = {isa = PBXFileReference; fileEncoding = 4; lastKnownFileType = sourcecode.c.h; path = ZJPageControl.h; sourceTree = "<group>"; };
		1A55F59220D9070700C4626B /* ZJCollectionViewRightIndex.m */ = {isa = PBXFileReference; fileEncoding = 4; lastKnownFileType = sourcecode.c.objc; path = ZJCollectionViewRightIndex.m; sourceTree = "<group>"; };
		1A55F59320D9070700C4626B /* ZJCollectionViewRightIndex.h */ = {isa = PBXFileReference; fileEncoding = 4; lastKnownFileType = sourcecode.c.h; path = ZJCollectionViewRightIndex.h; sourceTree = "<group>"; };
		6200471420D0A75300D20F69 /* ZJWaterLayoutCollectionViewCell.h */ = {isa = PBXFileReference; lastKnownFileType = sourcecode.c.h; path = ZJWaterLayoutCollectionViewCell.h; sourceTree = "<group>"; };
		6200471520D0A75300D20F69 /* ZJWaterLayoutCollectionViewCell.m */ = {isa = PBXFileReference; lastKnownFileType = sourcecode.c.objc; path = ZJWaterLayoutCollectionViewCell.m; sourceTree = "<group>"; };
		6200471F20D0C5C800D20F69 /* ZJLineLayoutViewController.h */ = {isa = PBXFileReference; fileEncoding = 4; lastKnownFileType = sourcecode.c.h; path = ZJLineLayoutViewController.h; sourceTree = "<group>"; };
		6200472120D0C5C800D20F69 /* ZJLineLayoutViewController.m */ = {isa = PBXFileReference; fileEncoding = 4; lastKnownFileType = sourcecode.c.objc; path = ZJLineLayoutViewController.m; sourceTree = "<group>"; };
		6206CADB20BD57DD001538FB /* ZJAddSectionOrCellViewController.h */ = {isa = PBXFileReference; lastKnownFileType = sourcecode.c.h; path = ZJAddSectionOrCellViewController.h; sourceTree = "<group>"; };
		6206CADC20BD57DD001538FB /* ZJAddSectionOrCellViewController.m */ = {isa = PBXFileReference; lastKnownFileType = sourcecode.c.objc; path = ZJAddSectionOrCellViewController.m; sourceTree = "<group>"; };
		6236E5BF20C8C17200082F21 /* ZJAddHeaderViewViewController.h */ = {isa = PBXFileReference; lastKnownFileType = sourcecode.c.h; path = ZJAddHeaderViewViewController.h; sourceTree = "<group>"; };
		6236E5C020C8C17200082F21 /* ZJAddHeaderViewViewController.m */ = {isa = PBXFileReference; lastKnownFileType = sourcecode.c.objc; path = ZJAddHeaderViewViewController.m; sourceTree = "<group>"; };
		6236E5C520C8CFC100082F21 /* ZJAddHeaderForCollectionReusableView.h */ = {isa = PBXFileReference; lastKnownFileType = sourcecode.c.h; path = ZJAddHeaderForCollectionReusableView.h; sourceTree = "<group>"; };
		6236E5C620C8CFC100082F21 /* ZJAddHeaderForCollectionReusableView.m */ = {isa = PBXFileReference; lastKnownFileType = sourcecode.c.objc; path = ZJAddHeaderForCollectionReusableView.m; sourceTree = "<group>"; };
		6236E5C720C8CFC100082F21 /* ZJAddHeaderForCollectionReusableView.xib */ = {isa = PBXFileReference; lastKnownFileType = file.xib; path = ZJAddHeaderForCollectionReusableView.xib; sourceTree = "<group>"; };
		6280072620C7C321003B2984 /* adidasBrand.plist */ = {isa = PBXFileReference; fileEncoding = 4; lastKnownFileType = text.plist.xml; path = adidasBrand.plist; sourceTree = "<group>"; };
		629BFF6120CBD434004148A8 /* ZJCycleViewController.h */ = {isa = PBXFileReference; lastKnownFileType = sourcecode.c.h; path = ZJCycleViewController.h; sourceTree = "<group>"; };
		629BFF6220CBD434004148A8 /* ZJCycleViewController.m */ = {isa = PBXFileReference; lastKnownFileType = sourcecode.c.objc; path = ZJCycleViewController.m; sourceTree = "<group>"; };
		629BFF6520CBD95F004148A8 /* 8.jpg */ = {isa = PBXFileReference; lastKnownFileType = image.jpeg; path = 8.jpg; sourceTree = "<group>"; };
		629BFF6820CBD95F004148A8 /* 4.jpg */ = {isa = PBXFileReference; lastKnownFileType = image.jpeg; path = 4.jpg; sourceTree = "<group>"; };
		629BFF6920CBD95F004148A8 /* 5.jpg */ = {isa = PBXFileReference; lastKnownFileType = image.jpeg; path = 5.jpg; sourceTree = "<group>"; };
		629BFF6A20CBD95F004148A8 /* 7.jpg */ = {isa = PBXFileReference; lastKnownFileType = image.jpeg; path = 7.jpg; sourceTree = "<group>"; };
		629BFF6B20CBD95F004148A8 /* 6.jpg */ = {isa = PBXFileReference; lastKnownFileType = image.jpeg; path = 6.jpg; sourceTree = "<group>"; };
		629BFF6C20CBD95F004148A8 /* 2.jpg */ = {isa = PBXFileReference; lastKnownFileType = image.jpeg; path = 2.jpg; sourceTree = "<group>"; };
		629BFF6D20CBD95F004148A8 /* 3.jpg */ = {isa = PBXFileReference; lastKnownFileType = image.jpeg; path = 3.jpg; sourceTree = "<group>"; };
		629BFF6E20CBD95F004148A8 /* 1.jpg */ = {isa = PBXFileReference; lastKnownFileType = image.jpeg; path = 1.jpg; sourceTree = "<group>"; };
		629E1FDA20CE185100E1F7A6 /* figurePhoto13.png */ = {isa = PBXFileReference; lastKnownFileType = image.png; path = figurePhoto13.png; sourceTree = "<group>"; };
		629E1FDB20CE185100E1F7A6 /* figurePhoto07.png */ = {isa = PBXFileReference; lastKnownFileType = image.png; path = figurePhoto07.png; sourceTree = "<group>"; };
		629E1FDC20CE185100E1F7A6 /* figurePhoto06.png */ = {isa = PBXFileReference; lastKnownFileType = image.png; path = figurePhoto06.png; sourceTree = "<group>"; };
		629E1FDD20CE185100E1F7A6 /* figurePhoto12.png */ = {isa = PBXFileReference; lastKnownFileType = image.png; path = figurePhoto12.png; sourceTree = "<group>"; };
		629E1FDE20CE185100E1F7A6 /* figurePhoto04.png */ = {isa = PBXFileReference; lastKnownFileType = image.png; path = figurePhoto04.png; sourceTree = "<group>"; };
		629E1FDF20CE185100E1F7A6 /* figurePhoto10.png */ = {isa = PBXFileReference; lastKnownFileType = image.png; path = figurePhoto10.png; sourceTree = "<group>"; };
		629E1FE020CE185100E1F7A6 /* figurePhoto11.png */ = {isa = PBXFileReference; lastKnownFileType = image.png; path = figurePhoto11.png; sourceTree = "<group>"; };
		629E1FE120CE185100E1F7A6 /* figurePhoto05.png */ = {isa = PBXFileReference; lastKnownFileType = image.png; path = figurePhoto05.png; sourceTree = "<group>"; };
		629E1FE220CE185100E1F7A6 /* figurePhoto01.png */ = {isa = PBXFileReference; lastKnownFileType = image.png; path = figurePhoto01.png; sourceTree = "<group>"; };
		629E1FE320CE185100E1F7A6 /* figurePhoto15.png */ = {isa = PBXFileReference; lastKnownFileType = image.png; path = figurePhoto15.png; sourceTree = "<group>"; };
		629E1FE420CE185100E1F7A6 /* figurePhoto14.png */ = {isa = PBXFileReference; lastKnownFileType = image.png; path = figurePhoto14.png; sourceTree = "<group>"; };
		629E1FE620CE185100E1F7A6 /* figurePhoto16.png */ = {isa = PBXFileReference; lastKnownFileType = image.png; path = figurePhoto16.png; sourceTree = "<group>"; };
		629E1FE720CE185100E1F7A6 /* figurePhoto02.png */ = {isa = PBXFileReference; lastKnownFileType = image.png; path = figurePhoto02.png; sourceTree = "<group>"; };
		629E1FE820CE185100E1F7A6 /* figurePhoto03.png */ = {isa = PBXFileReference; lastKnownFileType = image.png; path = figurePhoto03.png; sourceTree = "<group>"; };
		629E1FE920CE185100E1F7A6 /* figurePhoto17.png */ = {isa = PBXFileReference; lastKnownFileType = image.png; path = figurePhoto17.png; sourceTree = "<group>"; };
		629E1FEB20CE185100E1F7A6 /* figurePhoto.plist */ = {isa = PBXFileReference; fileEncoding = 4; lastKnownFileType = text.plist.xml; path = figurePhoto.plist; sourceTree = "<group>"; };
		629E1FEC20CE185100E1F7A6 /* figurePhoto19.png */ = {isa = PBXFileReference; lastKnownFileType = image.png; path = figurePhoto19.png; sourceTree = "<group>"; };
		629E1FED20CE185100E1F7A6 /* figurePhoto18.png */ = {isa = PBXFileReference; lastKnownFileType = image.png; path = figurePhoto18.png; sourceTree = "<group>"; };
		629E1FEE20CE185100E1F7A6 /* figurePhoto20.png */ = {isa = PBXFileReference; lastKnownFileType = image.png; path = figurePhoto20.png; sourceTree = "<group>"; };
		629E1FEF20CE185100E1F7A6 /* figurePhoto08.png */ = {isa = PBXFileReference; lastKnownFileType = image.png; path = figurePhoto08.png; sourceTree = "<group>"; };
		629E1FF020CE185100E1F7A6 /* figurePhoto09.png */ = {isa = PBXFileReference; lastKnownFileType = image.png; path = figurePhoto09.png; sourceTree = "<group>"; };
		629E200820CE191400E1F7A6 /* ZJMultiSelectCellViewController.h */ = {isa = PBXFileReference; lastKnownFileType = sourcecode.c.h; path = ZJMultiSelectCellViewController.h; sourceTree = "<group>"; };
		629E200920CE191400E1F7A6 /* ZJMultiSelectCellViewController.m */ = {isa = PBXFileReference; lastKnownFileType = sourcecode.c.objc; path = ZJMultiSelectCellViewController.m; sourceTree = "<group>"; };
		629E200B20CE1A8D00E1F7A6 /* ZJMultiSelectCollectionViewCell.h */ = {isa = PBXFileReference; lastKnownFileType = sourcecode.c.h; path = ZJMultiSelectCollectionViewCell.h; sourceTree = "<group>"; };
		629E200C20CE1A8D00E1F7A6 /* ZJMultiSelectCollectionViewCell.m */ = {isa = PBXFileReference; lastKnownFileType = sourcecode.c.objc; path = ZJMultiSelectCollectionViewCell.m; sourceTree = "<group>"; };
		629E200D20CE1A8D00E1F7A6 /* ZJMultiSelectCollectionViewCell.xib */ = {isa = PBXFileReference; lastKnownFileType = file.xib; path = ZJMultiSelectCollectionViewCell.xib; sourceTree = "<group>"; };
		629E201920CE555300E1F7A6 /* ZJBlurEffect.h */ = {isa = PBXFileReference; lastKnownFileType = sourcecode.c.h; path = ZJBlurEffect.h; sourceTree = "<group>"; };
		629E201A20CE555300E1F7A6 /* ZJBlurEffect.m */ = {isa = PBXFileReference; lastKnownFileType = sourcecode.c.objc; path = ZJBlurEffect.m; sourceTree = "<group>"; };
		629E201C20CE5E0D00E1F7A6 /* ZJWaterLayoutListTableViewController.h */ = {isa = PBXFileReference; lastKnownFileType = sourcecode.c.h; path = ZJWaterLayoutListTableViewController.h; sourceTree = "<group>"; };
		629E201D20CE5E0D00E1F7A6 /* ZJWaterLayoutListTableViewController.m */ = {isa = PBXFileReference; lastKnownFileType = sourcecode.c.objc; path = ZJWaterLayoutListTableViewController.m; sourceTree = "<group>"; };
		629E202120CE5FBA00E1F7A6 /* ZJCirleLayoutViewController.h */ = {isa = PBXFileReference; lastKnownFileType = sourcecode.c.h; path = ZJCirleLayoutViewController.h; sourceTree = "<group>"; };
		629E202220CE5FBA00E1F7A6 /* ZJCirleLayoutViewController.m */ = {isa = PBXFileReference; lastKnownFileType = sourcecode.c.objc; path = ZJCirleLayoutViewController.m; sourceTree = "<group>"; };
		629E202920CE65DD00E1F7A6 /* 13.jpg */ = {isa = PBXFileReference; lastKnownFileType = image.jpeg; path = 13.jpg; sourceTree = "<group>"; };
		629E202A20CE65DD00E1F7A6 /* 11.jpg */ = {isa = PBXFileReference; lastKnownFileType = image.jpeg; path = 11.jpg; sourceTree = "<group>"; };
		629E202B20CE65DD00E1F7A6 /* 12.jpg */ = {isa = PBXFileReference; lastKnownFileType = image.jpeg; path = 12.jpg; sourceTree = "<group>"; };
		629E202D20CE65DD00E1F7A6 /* 16.jpg */ = {isa = PBXFileReference; lastKnownFileType = image.jpeg; path = 16.jpg; sourceTree = "<group>"; };
		629E202E20CE65DE00E1F7A6 /* 18.jpg */ = {isa = PBXFileReference; lastKnownFileType = image.jpeg; path = 18.jpg; sourceTree = "<group>"; };
		629E203020CE65DE00E1F7A6 /* 14.jpg */ = {isa = PBXFileReference; lastKnownFileType = image.jpeg; path = 14.jpg; sourceTree = "<group>"; };
		629E203120CE65DE00E1F7A6 /* 15.jpg */ = {isa = PBXFileReference; lastKnownFileType = image.jpeg; path = 15.jpg; sourceTree = "<group>"; };
		629E203220CE65DE00E1F7A6 /* 17.jpg */ = {isa = PBXFileReference; lastKnownFileType = image.jpeg; path = 17.jpg; sourceTree = "<group>"; };
		629E203320CE65DF00E1F7A6 /* 19.jpg */ = {isa = PBXFileReference; lastKnownFileType = image.jpeg; path = 19.jpg; sourceTree = "<group>"; };
		629E203F20CE666B00E1F7A6 /* 10.jpg */ = {isa = PBXFileReference; lastKnownFileType = image.jpeg; path = 10.jpg; sourceTree = "<group>"; };
		629E204120CE66C600E1F7A6 /* 9.jpg */ = {isa = PBXFileReference; lastKnownFileType = image.jpeg; path = 9.jpg; sourceTree = "<group>"; };
		629E204520CE674900E1F7A6 /* 20.jpg */ = {isa = PBXFileReference; lastKnownFileType = image.jpeg; path = 20.jpg; sourceTree = "<group>"; };
		629E204B20CE68CF00E1F7A6 /* ZJGridLayoutViewController.h */ = {isa = PBXFileReference; lastKnownFileType = sourcecode.c.h; path = ZJGridLayoutViewController.h; sourceTree = "<group>"; };
		629E204C20CE68CF00E1F7A6 /* ZJGridLayoutViewController.m */ = {isa = PBXFileReference; lastKnownFileType = sourcecode.c.objc; path = ZJGridLayoutViewController.m; sourceTree = "<group>"; };
		629E204E20CE6BCD00E1F7A6 /* 23.jpg */ = {isa = PBXFileReference; lastKnownFileType = image.jpeg; path = 23.jpg; sourceTree = "<group>"; };
		629E204F20CE6BCD00E1F7A6 /* 21.jpg */ = {isa = PBXFileReference; lastKnownFileType = image.jpeg; path = 21.jpg; sourceTree = "<group>"; };
		629E205020CE6BCE00E1F7A6 /* 22.jpg */ = {isa = PBXFileReference; lastKnownFileType = image.jpeg; path = 22.jpg; sourceTree = "<group>"; };
		629E205220CE6BCE00E1F7A6 /* 26.jpg */ = {isa = PBXFileReference; lastKnownFileType = image.jpeg; path = 26.jpg; sourceTree = "<group>"; };
		629E205320CE6BCE00E1F7A6 /* 24.jpg */ = {isa = PBXFileReference; lastKnownFileType = image.jpeg; path = 24.jpg; sourceTree = "<group>"; };
		629E205A20CE6C6C00E1F7A6 /* 28.jpg */ = {isa = PBXFileReference; lastKnownFileType = image.jpeg; path = 28.jpg; sourceTree = "<group>"; };
		629E205B20CE6C6D00E1F7A6 /* 27.jpg */ = {isa = PBXFileReference; lastKnownFileType = image.jpeg; path = 27.jpg; sourceTree = "<group>"; };
		629E205E20CE6D6D00E1F7A6 /* 25.jpg */ = {isa = PBXFileReference; lastKnownFileType = image.jpeg; path = 25.jpg; sourceTree = "<group>"; };
		62AD361620CE80F6003356DC /* 29.jpg */ = {isa = PBXFileReference; lastKnownFileType = image.jpeg; path = 29.jpg; sourceTree = "<group>"; };
		62AD361720CE80F6003356DC /* 30.jpg */ = {isa = PBXFileReference; lastKnownFileType = image.jpeg; path = 30.jpg; sourceTree = "<group>"; };
		62D38D8820BB99E400891601 /* ZJCollectionViewSummary.app */ = {isa = PBXFileReference; explicitFileType = wrapper.application; includeInIndex = 0; path = ZJCollectionViewSummary.app; sourceTree = BUILT_PRODUCTS_DIR; };
		62D38D9220BB99E400891601 /* Base */ = {isa = PBXFileReference; lastKnownFileType = file.storyboard; name = Base; path = Base.lproj/Main.storyboard; sourceTree = "<group>"; };
		62D38D9420BB99E900891601 /* Assets.xcassets */ = {isa = PBXFileReference; lastKnownFileType = folder.assetcatalog; path = Assets.xcassets; sourceTree = "<group>"; };
		62D38D9720BB99E900891601 /* Base */ = {isa = PBXFileReference; lastKnownFileType = file.storyboard; name = Base; path = Base.lproj/LaunchScreen.storyboard; sourceTree = "<group>"; };
		62D38DA020BB99EA00891601 /* ZJCollectionViewSummaryTests.xctest */ = {isa = PBXFileReference; explicitFileType = wrapper.cfbundle; includeInIndex = 0; path = ZJCollectionViewSummaryTests.xctest; sourceTree = BUILT_PRODUCTS_DIR; };
		62D38DA420BB99EA00891601 /* ZJCollectionViewSummaryTests.m */ = {isa = PBXFileReference; lastKnownFileType = sourcecode.c.objc; path = ZJCollectionViewSummaryTests.m; sourceTree = "<group>"; };
		62D38DA620BB99EA00891601 /* Info.plist */ = {isa = PBXFileReference; lastKnownFileType = text.plist.xml; path = Info.plist; sourceTree = "<group>"; };
		62D38DAB20BB99EA00891601 /* ZJCollectionViewSummaryUITests.xctest */ = {isa = PBXFileReference; explicitFileType = wrapper.cfbundle; includeInIndex = 0; path = ZJCollectionViewSummaryUITests.xctest; sourceTree = BUILT_PRODUCTS_DIR; };
		62D38DAF20BB99EA00891601 /* ZJCollectionViewSummaryUITests.m */ = {isa = PBXFileReference; lastKnownFileType = sourcecode.c.objc; path = ZJCollectionViewSummaryUITests.m; sourceTree = "<group>"; };
		62D38DB120BB99EA00891601 /* Info.plist */ = {isa = PBXFileReference; lastKnownFileType = text.plist.xml; path = Info.plist; sourceTree = "<group>"; };
		62D38DBF20BB9ADE00891601 /* AppDelegate.h */ = {isa = PBXFileReference; fileEncoding = 4; lastKnownFileType = sourcecode.c.h; path = AppDelegate.h; sourceTree = "<group>"; };
		62D38DC020BB9ADE00891601 /* main.m */ = {isa = PBXFileReference; fileEncoding = 4; lastKnownFileType = sourcecode.c.objc; path = main.m; sourceTree = "<group>"; };
		62D38DC120BB9ADE00891601 /* AppDelegate.m */ = {isa = PBXFileReference; fileEncoding = 4; lastKnownFileType = sourcecode.c.objc; path = AppDelegate.m; sourceTree = "<group>"; };
		62D38DC220BB9ADE00891601 /* Info.plist */ = {isa = PBXFileReference; fileEncoding = 4; lastKnownFileType = text.plist.xml; path = Info.plist; sourceTree = "<group>"; };
		62D38DC920BB9E8500891601 /* ZJNavigationController.h */ = {isa = PBXFileReference; lastKnownFileType = sourcecode.c.h; path = ZJNavigationController.h; sourceTree = "<group>"; };
		62D38DCA20BB9E8500891601 /* ZJNavigationController.m */ = {isa = PBXFileReference; lastKnownFileType = sourcecode.c.objc; path = ZJNavigationController.m; sourceTree = "<group>"; };
		62D38DCC20BB9EBE00891601 /* ZJFunctionListController.h */ = {isa = PBXFileReference; lastKnownFileType = sourcecode.c.h; path = ZJFunctionListController.h; sourceTree = "<group>"; };
		62D38DCD20BB9EBE00891601 /* ZJFunctionListController.m */ = {isa = PBXFileReference; lastKnownFileType = sourcecode.c.objc; path = ZJFunctionListController.m; sourceTree = "<group>"; };
		62D38DCF20BBA53000891601 /* ZJGroupingCollectionViewController.h */ = {isa = PBXFileReference; lastKnownFileType = sourcecode.c.h; path = ZJGroupingCollectionViewController.h; sourceTree = "<group>"; };
		62D38DD020BBA53000891601 /* ZJGroupingCollectionViewController.m */ = {isa = PBXFileReference; lastKnownFileType = sourcecode.c.objc; path = ZJGroupingCollectionViewController.m; sourceTree = "<group>"; };
		62D38DD220BBA6BF00891601 /* PrefixHeader.pch */ = {isa = PBXFileReference; lastKnownFileType = sourcecode.c.h; path = PrefixHeader.pch; sourceTree = "<group>"; };
		62D38DD320BBAC5A00891601 /* ZJGroupingCollectionViewFlowLayout.h */ = {isa = PBXFileReference; lastKnownFileType = sourcecode.c.h; path = ZJGroupingCollectionViewFlowLayout.h; sourceTree = "<group>"; };
		62D38DD420BBAC5A00891601 /* ZJGroupingCollectionViewFlowLayout.m */ = {isa = PBXFileReference; lastKnownFileType = sourcecode.c.objc; path = ZJGroupingCollectionViewFlowLayout.m; sourceTree = "<group>"; };
		62D38DD620BBADD800891601 /* ZJGroupingCollectionViewCell.h */ = {isa = PBXFileReference; lastKnownFileType = sourcecode.c.h; path = ZJGroupingCollectionViewCell.h; sourceTree = "<group>"; };
		62D38DD720BBADD900891601 /* ZJGroupingCollectionViewCell.m */ = {isa = PBXFileReference; lastKnownFileType = sourcecode.c.objc; path = ZJGroupingCollectionViewCell.m; sourceTree = "<group>"; };
		62D38DDF20BBD1CE00891601 /* allBrand.plist */ = {isa = PBXFileReference; fileEncoding = 4; lastKnownFileType = text.plist.xml; path = allBrand.plist; sourceTree = "<group>"; };
		62F1B85B20CF9E3800300C46 /* ZJWaterLayoutViewController.h */ = {isa = PBXFileReference; lastKnownFileType = sourcecode.c.h; path = ZJWaterLayoutViewController.h; sourceTree = "<group>"; };
		62F1B85C20CF9E3800300C46 /* ZJWaterLayoutViewController.m */ = {isa = PBXFileReference; lastKnownFileType = sourcecode.c.objc; path = ZJWaterLayoutViewController.m; sourceTree = "<group>"; };
		62F1B86120CFC69300300C46 /* 0.jpg */ = {isa = PBXFileReference; lastKnownFileType = image.jpeg; path = 0.jpg; sourceTree = "<group>"; };
		62F1B8A620CFD6A600300C46 /* ZJReorderViewController.h */ = {isa = PBXFileReference; lastKnownFileType = sourcecode.c.h; path = ZJReorderViewController.h; sourceTree = "<group>"; };
		62F1B8A720CFD6A600300C46 /* ZJReorderViewController.m */ = {isa = PBXFileReference; lastKnownFileType = sourcecode.c.objc; path = ZJReorderViewController.m; sourceTree = "<group>"; };
		AA6D33E1BE30FDFE1DAB41A8 /* libPods-ZJCollectionViewSummary.a */ = {isa = PBXFileReference; explicitFileType = archive.ar; includeInIndex = 0; path = "libPods-ZJCollectionViewSummary.a"; sourceTree = BUILT_PRODUCTS_DIR; };
		F2A26FE51F8523FF7210F6D8 /* Pods-ZJCollectionViewSummary.release.xcconfig */ = {isa = PBXFileReference; includeInIndex = 1; lastKnownFileType = text.xcconfig; name = "Pods-ZJCollectionViewSummary.release.xcconfig"; path = "Pods/Target Support Files/Pods-ZJCollectionViewSummary/Pods-ZJCollectionViewSummary.release.xcconfig"; sourceTree = "<group>"; };
/* End PBXFileReference section */

/* Begin PBXFrameworksBuildPhase section */
		62D38D8520BB99E400891601 /* Frameworks */ = {
			isa = PBXFrameworksBuildPhase;
			buildActionMask = 2147483647;
			files = (
				08FA779919607247F5921072 /* libPods-ZJCollectionViewSummary.a in Frameworks */,
			);
			runOnlyForDeploymentPostprocessing = 0;
		};
		62D38D9D20BB99EA00891601 /* Frameworks */ = {
			isa = PBXFrameworksBuildPhase;
			buildActionMask = 2147483647;
			files = (
			);
			runOnlyForDeploymentPostprocessing = 0;
		};
		62D38DA820BB99EA00891601 /* Frameworks */ = {
			isa = PBXFrameworksBuildPhase;
			buildActionMask = 2147483647;
			files = (
			);
			runOnlyForDeploymentPostprocessing = 0;
		};
/* End PBXFrameworksBuildPhase section */

/* Begin PBXGroup section */
		1A55F57020D8E02D00C4626B /* ZJCollectionViewSummary */ = {
			isa = PBXGroup;
			children = (
				1A55F57120D8E02D00C4626B /* ZJAddIndex */,
				1A55F57220D8E02D00C4626B /* ZJLayout */,
				1A55F57D20D8E02D00C4626B /* ZJCycleView */,
			);
			path = ZJCollectionViewSummary;
			sourceTree = "<group>";
		};
		1A55F57120D8E02D00C4626B /* ZJAddIndex */ = {
			isa = PBXGroup;
			children = (
				1A55F59320D9070700C4626B /* ZJCollectionViewRightIndex.h */,
				1A55F59220D9070700C4626B /* ZJCollectionViewRightIndex.m */,
			);
			path = ZJAddIndex;
			sourceTree = "<group>";
		};
		1A55F57220D8E02D00C4626B /* ZJLayout */ = {
			isa = PBXGroup;
			children = (
				1A55F57320D8E02D00C4626B /* ZJReorderFlowLayout.m */,
				1A55F57420D8E02D00C4626B /* ZJLineScaleFlowLayout.h */,
				1A55F57520D8E02D00C4626B /* ZJWaterLayout.m */,
				1A55F57620D8E02D00C4626B /* ZJGridLayout.h */,
				1A55F57720D8E02D00C4626B /* ZJCirleLayout.m */,
				1A55F57820D8E02D00C4626B /* ZJReorderFlowLayout.h */,
				1A55F57920D8E02D00C4626B /* ZJLineScaleFlowLayout.m */,
				1A55F57A20D8E02D00C4626B /* ZJCirleLayout.h */,
				1A55F57B20D8E02D00C4626B /* ZJGridLayout.m */,
				1A55F57C20D8E02D00C4626B /* ZJWaterLayout.h */,
			);
			path = ZJLayout;
			sourceTree = "<group>";
		};
		1A55F57D20D8E02D00C4626B /* ZJCycleView */ = {
			isa = PBXGroup;
			children = (
				1A55F57E20D8E02D00C4626B /* ZJCycleViewCell.m */,
				1A55F57F20D8E02D00C4626B /* ZJPageControl.m */,
				1A55F58020D8E02D00C4626B /* UIView+ZJExtension.m */,
				1A55F58120D8E02D00C4626B /* ZJCycleView.m */,
				1A55F58220D8E02D00C4626B /* ZJCycleViewCell.h */,
				1A55F58320D8E02D00C4626B /* ZJCycleView.h */,
				1A55F58420D8E02D00C4626B /* UIView+ZJExtension.h */,
				1A55F58520D8E02D00C4626B /* ZJPageControl.h */,
			);
			path = ZJCycleView;
			sourceTree = "<group>";
		};
		6200471E20D0C5C800D20F69 /* LineLayout(线性布局) */ = {
			isa = PBXGroup;
			children = (
				6200471F20D0C5C800D20F69 /* ZJLineLayoutViewController.h */,
				6200472120D0C5C800D20F69 /* ZJLineLayoutViewController.m */,
			);
			path = "LineLayout(线性布局)";
			sourceTree = "<group>";
		};
		6236E5BE20C8C15A00082F21 /* AddHeaderView（添加headerView） */ = {
			isa = PBXGroup;
			children = (
				6236E5BF20C8C17200082F21 /* ZJAddHeaderViewViewController.h */,
				6236E5C020C8C17200082F21 /* ZJAddHeaderViewViewController.m */,
				6236E5C520C8CFC100082F21 /* ZJAddHeaderForCollectionReusableView.h */,
				6236E5C620C8CFC100082F21 /* ZJAddHeaderForCollectionReusableView.m */,
				6236E5C720C8CFC100082F21 /* ZJAddHeaderForCollectionReusableView.xib */,
			);
			path = "AddHeaderView（添加headerView）";
			sourceTree = "<group>";
		};
		6236E5CA20C8D9A200082F21 /* LayoutWater（常见的几种布局） */ = {
			isa = PBXGroup;
			children = (
				6200471E20D0C5C800D20F69 /* LineLayout(线性布局) */,
				62F1B85A20CF9B9400300C46 /* WaterLayout（流水布局） */,
				629E202020CE5F1700E1F7A6 /* CircleLayout（环形布局） */,
				629E204720CE681A00E1F7A6 /* ZJGridLayout（网格布局） */,
				629E201920CE555300E1F7A6 /* ZJBlurEffect.h */,
				629E201A20CE555300E1F7A6 /* ZJBlurEffect.m */,
				629E201C20CE5E0D00E1F7A6 /* ZJWaterLayoutListTableViewController.h */,
				629E201D20CE5E0D00E1F7A6 /* ZJWaterLayoutListTableViewController.m */,
				6200471420D0A75300D20F69 /* ZJWaterLayoutCollectionViewCell.h */,
				6200471520D0A75300D20F69 /* ZJWaterLayoutCollectionViewCell.m */,
			);
			path = "LayoutWater（常见的几种布局）";
			sourceTree = "<group>";
		};
		629BFF5820CBCBBF004148A8 /* CycleCollectionView(无线循环) */ = {
			isa = PBXGroup;
			children = (
				629BFF6420CBD95F004148A8 /* image */,
				629BFF6120CBD434004148A8 /* ZJCycleViewController.h */,
				629BFF6220CBD434004148A8 /* ZJCycleViewController.m */,
			);
			path = "CycleCollectionView(无线循环)";
			sourceTree = "<group>";
		};
		629BFF6420CBD95F004148A8 /* image */ = {
			isa = PBXGroup;
			children = (
				62AD361620CE80F6003356DC /* 29.jpg */,
				62AD361720CE80F6003356DC /* 30.jpg */,
				629E205B20CE6C6D00E1F7A6 /* 27.jpg */,
				629E205E20CE6D6D00E1F7A6 /* 25.jpg */,
				629E205A20CE6C6C00E1F7A6 /* 28.jpg */,
				629E204F20CE6BCD00E1F7A6 /* 21.jpg */,
				629E205020CE6BCE00E1F7A6 /* 22.jpg */,
				629E204E20CE6BCD00E1F7A6 /* 23.jpg */,
				629E205320CE6BCE00E1F7A6 /* 24.jpg */,
				629E205220CE6BCE00E1F7A6 /* 26.jpg */,
				629E204520CE674900E1F7A6 /* 20.jpg */,
				629E203F20CE666B00E1F7A6 /* 10.jpg */,
				629E202A20CE65DD00E1F7A6 /* 11.jpg */,
				629E202B20CE65DD00E1F7A6 /* 12.jpg */,
				629E202920CE65DD00E1F7A6 /* 13.jpg */,
				629E203020CE65DE00E1F7A6 /* 14.jpg */,
				629E203120CE65DE00E1F7A6 /* 15.jpg */,
				62F1B86120CFC69300300C46 /* 0.jpg */,
				629E202D20CE65DD00E1F7A6 /* 16.jpg */,
				629E203220CE65DE00E1F7A6 /* 17.jpg */,
				629E202E20CE65DE00E1F7A6 /* 18.jpg */,
				629E203320CE65DF00E1F7A6 /* 19.jpg */,
				629E204120CE66C600E1F7A6 /* 9.jpg */,
				629BFF6520CBD95F004148A8 /* 8.jpg */,
				629BFF6820CBD95F004148A8 /* 4.jpg */,
				629BFF6920CBD95F004148A8 /* 5.jpg */,
				629BFF6A20CBD95F004148A8 /* 7.jpg */,
				629BFF6B20CBD95F004148A8 /* 6.jpg */,
				629BFF6C20CBD95F004148A8 /* 2.jpg */,
				629BFF6D20CBD95F004148A8 /* 3.jpg */,
				629BFF6E20CBD95F004148A8 /* 1.jpg */,
			);
			path = image;
			sourceTree = "<group>";
		};
		629E1FD820CE172E00E1F7A6 /* MultiSelectCell(多选) */ = {
			isa = PBXGroup;
			children = (
				629E1FD920CE185100E1F7A6 /* FigurePhoto(300x180) */,
				629E200820CE191400E1F7A6 /* ZJMultiSelectCellViewController.h */,
				629E200920CE191400E1F7A6 /* ZJMultiSelectCellViewController.m */,
				629E200B20CE1A8D00E1F7A6 /* ZJMultiSelectCollectionViewCell.h */,
				629E200C20CE1A8D00E1F7A6 /* ZJMultiSelectCollectionViewCell.m */,
				629E200D20CE1A8D00E1F7A6 /* ZJMultiSelectCollectionViewCell.xib */,
			);
			path = "MultiSelectCell(多选)";
			sourceTree = "<group>";
		};
		629E1FD920CE185100E1F7A6 /* FigurePhoto(300x180) */ = {
			isa = PBXGroup;
			children = (
				629E1FDA20CE185100E1F7A6 /* figurePhoto13.png */,
				629E1FDB20CE185100E1F7A6 /* figurePhoto07.png */,
				629E1FDC20CE185100E1F7A6 /* figurePhoto06.png */,
				629E1FDD20CE185100E1F7A6 /* figurePhoto12.png */,
				629E1FDE20CE185100E1F7A6 /* figurePhoto04.png */,
				629E1FDF20CE185100E1F7A6 /* figurePhoto10.png */,
				629E1FE020CE185100E1F7A6 /* figurePhoto11.png */,
				629E1FE120CE185100E1F7A6 /* figurePhoto05.png */,
				629E1FE220CE185100E1F7A6 /* figurePhoto01.png */,
				629E1FE320CE185100E1F7A6 /* figurePhoto15.png */,
				629E1FE420CE185100E1F7A6 /* figurePhoto14.png */,
				629E1FE620CE185100E1F7A6 /* figurePhoto16.png */,
				629E1FE720CE185100E1F7A6 /* figurePhoto02.png */,
				629E1FE820CE185100E1F7A6 /* figurePhoto03.png */,
				629E1FE920CE185100E1F7A6 /* figurePhoto17.png */,
				629E1FEB20CE185100E1F7A6 /* figurePhoto.plist */,
				629E1FEC20CE185100E1F7A6 /* figurePhoto19.png */,
				629E1FED20CE185100E1F7A6 /* figurePhoto18.png */,
				629E1FEE20CE185100E1F7A6 /* figurePhoto20.png */,
				629E1FEF20CE185100E1F7A6 /* figurePhoto08.png */,
				629E1FF020CE185100E1F7A6 /* figurePhoto09.png */,
			);
			path = "FigurePhoto(300x180)";
			sourceTree = "<group>";
		};
		629E202020CE5F1700E1F7A6 /* CircleLayout（环形布局） */ = {
			isa = PBXGroup;
			children = (
				629E202120CE5FBA00E1F7A6 /* ZJCirleLayoutViewController.h */,
				629E202220CE5FBA00E1F7A6 /* ZJCirleLayoutViewController.m */,
			);
			path = "CircleLayout（环形布局）";
			sourceTree = "<group>";
		};
		629E204720CE681A00E1F7A6 /* ZJGridLayout（网格布局） */ = {
			isa = PBXGroup;
			children = (
				629E204B20CE68CF00E1F7A6 /* ZJGridLayoutViewController.h */,
				629E204C20CE68CF00E1F7A6 /* ZJGridLayoutViewController.m */,
			);
			path = "ZJGridLayout（网格布局）";
			sourceTree = "<group>";
		};
		62D38D7F20BB99E400891601 = {
			isa = PBXGroup;
			children = (
				62D38D8A20BB99E400891601 /* ZJCollectionViewSummary */,
				62D38DA320BB99EA00891601 /* ZJCollectionViewSummaryTests */,
				62D38DAE20BB99EA00891601 /* ZJCollectionViewSummaryUITests */,
				62D38D8920BB99E400891601 /* Products */,
				6D89B0F84C6168CCEA3BB1C3 /* Pods */,
				C3028FC3C29E98D1218A5587 /* Frameworks */,
			);
			sourceTree = "<group>";
		};
		62D38D8920BB99E400891601 /* Products */ = {
			isa = PBXGroup;
			children = (
				62D38D8820BB99E400891601 /* ZJCollectionViewSummary.app */,
				62D38DA020BB99EA00891601 /* ZJCollectionViewSummaryTests.xctest */,
				62D38DAB20BB99EA00891601 /* ZJCollectionViewSummaryUITests.xctest */,
			);
			name = Products;
			sourceTree = "<group>";
		};
		62D38D8A20BB99E400891601 /* ZJCollectionViewSummary */ = {
			isa = PBXGroup;
			children = (
				1A55F57020D8E02D00C4626B /* ZJCollectionViewSummary */,
				62F1B8A220CFD07100300C46 /* CellReorder(长安拖动) */,
				629E1FD820CE172E00E1F7A6 /* MultiSelectCell(多选) */,
				629BFF5820CBCBBF004148A8 /* CycleCollectionView(无线循环) */,
				6236E5CA20C8D9A200082F21 /* LayoutWater（常见的几种布局） */,
				6236E5BE20C8C15A00082F21 /* AddHeaderView（添加headerView） */,
				62D38DE120BC117C00891601 /* AddCollectionViewCell（添加cell） */,
				62D38DC620BB9E3900891601 /* Main */,
				62D38DBD20BB9ADE00891601 /* AddIndex（添加索引） */,
				62D38DBE20BB9ADE00891601 /* Other */,
				62D38D9120BB99E400891601 /* Main.storyboard */,
				62D38D9420BB99E900891601 /* Assets.xcassets */,
				62D38D9620BB99E900891601 /* LaunchScreen.storyboard */,
			);
			path = ZJCollectionViewSummary;
			sourceTree = "<group>";
		};
		62D38DA320BB99EA00891601 /* ZJCollectionViewSummaryTests */ = {
			isa = PBXGroup;
			children = (
				62D38DA420BB99EA00891601 /* ZJCollectionViewSummaryTests.m */,
				62D38DA620BB99EA00891601 /* Info.plist */,
			);
			path = ZJCollectionViewSummaryTests;
			sourceTree = "<group>";
		};
		62D38DAE20BB99EA00891601 /* ZJCollectionViewSummaryUITests */ = {
			isa = PBXGroup;
			children = (
				62D38DAF20BB99EA00891601 /* ZJCollectionViewSummaryUITests.m */,
				62D38DB120BB99EA00891601 /* Info.plist */,
			);
			path = ZJCollectionViewSummaryUITests;
			sourceTree = "<group>";
		};
		62D38DBD20BB9ADE00891601 /* AddIndex（添加索引） */ = {
			isa = PBXGroup;
			children = (
				62D38DCF20BBA53000891601 /* ZJGroupingCollectionViewController.h */,
				62D38DD020BBA53000891601 /* ZJGroupingCollectionViewController.m */,
				62D38DD320BBAC5A00891601 /* ZJGroupingCollectionViewFlowLayout.h */,
				62D38DD420BBAC5A00891601 /* ZJGroupingCollectionViewFlowLayout.m */,
				62D38DD620BBADD800891601 /* ZJGroupingCollectionViewCell.h */,
				62D38DD720BBADD900891601 /* ZJGroupingCollectionViewCell.m */,
			);
			path = "AddIndex（添加索引）";
			sourceTree = "<group>";
		};
		62D38DBE20BB9ADE00891601 /* Other */ = {
			isa = PBXGroup;
			children = (
				6280072620C7C321003B2984 /* adidasBrand.plist */,
				62D38DDF20BBD1CE00891601 /* allBrand.plist */,
				62D38DBF20BB9ADE00891601 /* AppDelegate.h */,
				62D38DC120BB9ADE00891601 /* AppDelegate.m */,
				62D38DC020BB9ADE00891601 /* main.m */,
				62D38DC220BB9ADE00891601 /* Info.plist */,
				62D38DD220BBA6BF00891601 /* PrefixHeader.pch */,
			);
			path = Other;
			sourceTree = "<group>";
		};
		62D38DC620BB9E3900891601 /* Main */ = {
			isa = PBXGroup;
			children = (
				62D38DC820BB9E3900891601 /* Controller */,
			);
			path = Main;
			sourceTree = "<group>";
		};
		62D38DC820BB9E3900891601 /* Controller */ = {
			isa = PBXGroup;
			children = (
				62D38DC920BB9E8500891601 /* ZJNavigationController.h */,
				62D38DCA20BB9E8500891601 /* ZJNavigationController.m */,
				62D38DCC20BB9EBE00891601 /* ZJFunctionListController.h */,
				62D38DCD20BB9EBE00891601 /* ZJFunctionListController.m */,
			);
			path = Controller;
			sourceTree = "<group>";
		};
		62D38DE120BC117C00891601 /* AddCollectionViewCell（添加cell） */ = {
			isa = PBXGroup;
			children = (
				6206CADB20BD57DD001538FB /* ZJAddSectionOrCellViewController.h */,
				6206CADC20BD57DD001538FB /* ZJAddSectionOrCellViewController.m */,
			);
			path = "AddCollectionViewCell（添加cell）";
			sourceTree = "<group>";
		};
		62F1B85A20CF9B9400300C46 /* WaterLayout（流水布局） */ = {
			isa = PBXGroup;
			children = (
				62F1B85B20CF9E3800300C46 /* ZJWaterLayoutViewController.h */,
				62F1B85C20CF9E3800300C46 /* ZJWaterLayoutViewController.m */,
			);
			path = "WaterLayout（流水布局）";
			sourceTree = "<group>";
		};
		62F1B8A220CFD07100300C46 /* CellReorder(长安拖动) */ = {
			isa = PBXGroup;
			children = (
				62F1B8A620CFD6A600300C46 /* ZJReorderViewController.h */,
				62F1B8A720CFD6A600300C46 /* ZJReorderViewController.m */,
			);
			path = "CellReorder(长安拖动)";
			sourceTree = "<group>";
		};
		6D89B0F84C6168CCEA3BB1C3 /* Pods */ = {
			isa = PBXGroup;
			children = (
				09F73D2A97B8873FB450A899 /* Pods-ZJCollectionViewSummary.debug.xcconfig */,
				F2A26FE51F8523FF7210F6D8 /* Pods-ZJCollectionViewSummary.release.xcconfig */,
			);
			name = Pods;
			sourceTree = "<group>";
		};
		C3028FC3C29E98D1218A5587 /* Frameworks */ = {
			isa = PBXGroup;
			children = (
				AA6D33E1BE30FDFE1DAB41A8 /* libPods-ZJCollectionViewSummary.a */,
			);
			name = Frameworks;
			sourceTree = "<group>";
		};
/* End PBXGroup section */

/* Begin PBXNativeTarget section */
		62D38D8720BB99E400891601 /* ZJCollectionViewSummary */ = {
			isa = PBXNativeTarget;
			buildConfigurationList = 62D38DB420BB99EA00891601 /* Build configuration list for PBXNativeTarget "ZJCollectionViewSummary" */;
			buildPhases = (
				DF80CBA211CC154F0488EB3D /* [CP] Check Pods Manifest.lock */,
				62D38D8420BB99E400891601 /* Sources */,
				62D38D8520BB99E400891601 /* Frameworks */,
				62D38D8620BB99E400891601 /* Resources */,
			);
			buildRules = (
			);
			dependencies = (
			);
			name = ZJCollectionViewSummary;
			productName = ZJCollectionViewSummary;
			productReference = 62D38D8820BB99E400891601 /* ZJCollectionViewSummary.app */;
			productType = "com.apple.product-type.application";
		};
		62D38D9F20BB99EA00891601 /* ZJCollectionViewSummaryTests */ = {
			isa = PBXNativeTarget;
			buildConfigurationList = 62D38DB720BB99EA00891601 /* Build configuration list for PBXNativeTarget "ZJCollectionViewSummaryTests" */;
			buildPhases = (
				62D38D9C20BB99EA00891601 /* Sources */,
				62D38D9D20BB99EA00891601 /* Frameworks */,
				62D38D9E20BB99EA00891601 /* Resources */,
			);
			buildRules = (
			);
			dependencies = (
				62D38DA220BB99EA00891601 /* PBXTargetDependency */,
			);
			name = ZJCollectionViewSummaryTests;
			productName = ZJCollectionViewSummaryTests;
			productReference = 62D38DA020BB99EA00891601 /* ZJCollectionViewSummaryTests.xctest */;
			productType = "com.apple.product-type.bundle.unit-test";
		};
		62D38DAA20BB99EA00891601 /* ZJCollectionViewSummaryUITests */ = {
			isa = PBXNativeTarget;
			buildConfigurationList = 62D38DBA20BB99EA00891601 /* Build configuration list for PBXNativeTarget "ZJCollectionViewSummaryUITests" */;
			buildPhases = (
				62D38DA720BB99EA00891601 /* Sources */,
				62D38DA820BB99EA00891601 /* Frameworks */,
				62D38DA920BB99EA00891601 /* Resources */,
			);
			buildRules = (
			);
			dependencies = (
				62D38DAD20BB99EA00891601 /* PBXTargetDependency */,
			);
			name = ZJCollectionViewSummaryUITests;
			productName = ZJCollectionViewSummaryUITests;
			productReference = 62D38DAB20BB99EA00891601 /* ZJCollectionViewSummaryUITests.xctest */;
			productType = "com.apple.product-type.bundle.ui-testing";
		};
/* End PBXNativeTarget section */

/* Begin PBXProject section */
		62D38D8020BB99E400891601 /* Project object */ = {
			isa = PBXProject;
			attributes = {
				CLASSPREFIX = ZJ;
				LastUpgradeCheck = 0930;
				ORGANIZATIONNAME = James;
				TargetAttributes = {
					62D38D8720BB99E400891601 = {
						CreatedOnToolsVersion = 9.3;
					};
					62D38D9F20BB99EA00891601 = {
						CreatedOnToolsVersion = 9.3;
						TestTargetID = 62D38D8720BB99E400891601;
					};
					62D38DAA20BB99EA00891601 = {
						CreatedOnToolsVersion = 9.3;
						TestTargetID = 62D38D8720BB99E400891601;
					};
				};
			};
			buildConfigurationList = 62D38D8320BB99E400891601 /* Build configuration list for PBXProject "ZJCollectionViewSummary" */;
			compatibilityVersion = "Xcode 9.3";
			developmentRegion = en;
			hasScannedForEncodings = 0;
			knownRegions = (
				en,
				Base,
			);
			mainGroup = 62D38D7F20BB99E400891601;
			productRefGroup = 62D38D8920BB99E400891601 /* Products */;
			projectDirPath = "";
			projectRoot = "";
			targets = (
				62D38D8720BB99E400891601 /* ZJCollectionViewSummary */,
				62D38D9F20BB99EA00891601 /* ZJCollectionViewSummaryTests */,
				62D38DAA20BB99EA00891601 /* ZJCollectionViewSummaryUITests */,
			);
		};
/* End PBXProject section */

/* Begin PBXResourcesBuildPhase section */
		62D38D8620BB99E400891601 /* Resources */ = {
			isa = PBXResourcesBuildPhase;
			buildActionMask = 2147483647;
			files = (
				629E205520CE6BCF00E1F7A6 /* 21.jpg in Resources */,
				629E204020CE666B00E1F7A6 /* 10.jpg in Resources */,
				629E200520CE185100E1F7A6 /* figurePhoto20.png in Resources */,
				629E205C20CE6C6D00E1F7A6 /* 28.jpg in Resources */,
				629E204220CE66C600E1F7A6 /* 9.jpg in Resources */,
				629E203620CE65DF00E1F7A6 /* 12.jpg in Resources */,
				629E200020CE185100E1F7A6 /* figurePhoto17.png in Resources */,
				629E204620CE674A00E1F7A6 /* 20.jpg in Resources */,
				629E205F20CE6D6D00E1F7A6 /* 25.jpg in Resources */,
				629E203920CE65DF00E1F7A6 /* 18.jpg in Resources */,
				629BFF7620CBD960004148A8 /* 3.jpg in Resources */,
				629BFF7220CBD960004148A8 /* 5.jpg in Resources */,
				629E1FF320CE185100E1F7A6 /* figurePhoto06.png in Resources */,
				6280072720C7C322003B2984 /* adidasBrand.plist in Resources */,
				629E205420CE6BCE00E1F7A6 /* 23.jpg in Resources */,
				629E203C20CE65DF00E1F7A6 /* 15.jpg in Resources */,
				629BFF7520CBD960004148A8 /* 2.jpg in Resources */,
				629E1FFD20CE185100E1F7A6 /* figurePhoto16.png in Resources */,
				629E1FF820CE185100E1F7A6 /* figurePhoto05.png in Resources */,
				62AD361820CE80F7003356DC /* 29.jpg in Resources */,
				629E200F20CE1A8D00E1F7A6 /* ZJMultiSelectCollectionViewCell.xib in Resources */,
				629E200420CE185100E1F7A6 /* figurePhoto18.png in Resources */,
				629E1FF620CE185100E1F7A6 /* figurePhoto10.png in Resources */,
				62AD361920CE80F7003356DC /* 30.jpg in Resources */,
				629E200320CE185100E1F7A6 /* figurePhoto19.png in Resources */,
				629E200720CE185100E1F7A6 /* figurePhoto09.png in Resources */,
				629E1FFB20CE185100E1F7A6 /* figurePhoto14.png in Resources */,
				629BFF7420CBD960004148A8 /* 6.jpg in Resources */,
				629E1FF520CE185100E1F7A6 /* figurePhoto04.png in Resources */,
				629BFF7720CBD960004148A8 /* 1.jpg in Resources */,
				629E1FF920CE185100E1F7A6 /* figurePhoto01.png in Resources */,
				62D38DC520BB9ADE00891601 /* Info.plist in Resources */,
				629BFF7320CBD960004148A8 /* 7.jpg in Resources */,
				629E200220CE185100E1F7A6 /* figurePhoto.plist in Resources */,
				629E203520CE65DF00E1F7A6 /* 11.jpg in Resources */,
				62D38D9820BB99E900891601 /* LaunchScreen.storyboard in Resources */,
				629BFF6F20CBD960004148A8 /* 8.jpg in Resources */,
				629E203420CE65DF00E1F7A6 /* 13.jpg in Resources */,
				629E1FFF20CE185100E1F7A6 /* figurePhoto03.png in Resources */,
				629E1FFA20CE185100E1F7A6 /* figurePhoto15.png in Resources */,
				629E203E20CE65DF00E1F7A6 /* 19.jpg in Resources */,
				629E1FFE20CE185100E1F7A6 /* figurePhoto02.png in Resources */,
				62D38D9520BB99E900891601 /* Assets.xcassets in Resources */,
				629E200620CE185100E1F7A6 /* figurePhoto08.png in Resources */,
				62F1B86220CFC69300300C46 /* 0.jpg in Resources */,
				629E205620CE6BCF00E1F7A6 /* 22.jpg in Resources */,
				6236E5C920C8CFC100082F21 /* ZJAddHeaderForCollectionReusableView.xib in Resources */,
				629E1FF720CE185100E1F7A6 /* figurePhoto11.png in Resources */,
				629E203B20CE65DF00E1F7A6 /* 14.jpg in Resources */,
				629E1FF120CE185100E1F7A6 /* figurePhoto13.png in Resources */,
				629E1FF420CE185100E1F7A6 /* figurePhoto12.png in Resources */,
				629E203D20CE65DF00E1F7A6 /* 17.jpg in Resources */,
				62D38D9320BB99E400891601 /* Main.storyboard in Resources */,
				629E205820CE6BCF00E1F7A6 /* 26.jpg in Resources */,
				629E205920CE6BCF00E1F7A6 /* 24.jpg in Resources */,
				629E203820CE65DF00E1F7A6 /* 16.jpg in Resources */,
				629E205D20CE6C6D00E1F7A6 /* 27.jpg in Resources */,
				629E1FF220CE185100E1F7A6 /* figurePhoto07.png in Resources */,
				629BFF7120CBD960004148A8 /* 4.jpg in Resources */,
				62D38DE020BBD1CE00891601 /* allBrand.plist in Resources */,
			);
			runOnlyForDeploymentPostprocessing = 0;
		};
		62D38D9E20BB99EA00891601 /* Resources */ = {
			isa = PBXResourcesBuildPhase;
			buildActionMask = 2147483647;
			files = (
			);
			runOnlyForDeploymentPostprocessing = 0;
		};
		62D38DA920BB99EA00891601 /* Resources */ = {
			isa = PBXResourcesBuildPhase;
			buildActionMask = 2147483647;
			files = (
			);
			runOnlyForDeploymentPostprocessing = 0;
		};
/* End PBXResourcesBuildPhase section */

/* Begin PBXShellScriptBuildPhase section */
		DF80CBA211CC154F0488EB3D /* [CP] Check Pods Manifest.lock */ = {
			isa = PBXShellScriptBuildPhase;
			buildActionMask = 2147483647;
			files = (
			);
			inputPaths = (
				"${PODS_PODFILE_DIR_PATH}/Podfile.lock",
				"${PODS_ROOT}/Manifest.lock",
			);
			name = "[CP] Check Pods Manifest.lock";
			outputPaths = (
				"$(DERIVED_FILE_DIR)/Pods-ZJCollectionViewSummary-checkManifestLockResult.txt",
			);
			runOnlyForDeploymentPostprocessing = 0;
			shellPath = /bin/sh;
			shellScript = "diff \"${PODS_PODFILE_DIR_PATH}/Podfile.lock\" \"${PODS_ROOT}/Manifest.lock\" > /dev/null\nif [ $? != 0 ] ; then\n    # print error to STDERR\n    echo \"error: The sandbox is not in sync with the Podfile.lock. Run 'pod install' or update your CocoaPods installation.\" >&2\n    exit 1\nfi\n# This output is used by Xcode 'outputs' to avoid re-running this script phase.\necho \"SUCCESS\" > \"${SCRIPT_OUTPUT_FILE_0}\"\n";
			showEnvVarsInLog = 0;
		};
/* End PBXShellScriptBuildPhase section */

/* Begin PBXSourcesBuildPhase section */
		62D38D8420BB99E400891601 /* Sources */ = {
			isa = PBXSourcesBuildPhase;
			buildActionMask = 2147483647;
			files = (
				629E200E20CE1A8D00E1F7A6 /* ZJMultiSelectCollectionViewCell.m in Sources */,
				62F1B8A820CFD6A600300C46 /* ZJReorderViewController.m in Sources */,
				6236E5C820C8CFC100082F21 /* ZJAddHeaderForCollectionReusableView.m in Sources */,
				1A55F58820D8E02D00C4626B /* ZJCirleLayout.m in Sources */,
				629BFF6320CBD434004148A8 /* ZJCycleViewController.m in Sources */,
				62D38DC420BB9ADE00891601 /* AppDelegate.m in Sources */,
				1A55F58B20D8E02D00C4626B /* ZJCycleViewCell.m in Sources */,
				629E201E20CE5E0D00E1F7A6 /* ZJWaterLayoutListTableViewController.m in Sources */,
				6206CADD20BD57DD001538FB /* ZJAddSectionOrCellViewController.m in Sources */,
				1A55F58620D8E02D00C4626B /* ZJReorderFlowLayout.m in Sources */,
				62D38DD120BBA53000891601 /* ZJGroupingCollectionViewController.m in Sources */,
				62D38DCB20BB9E8500891601 /* ZJNavigationController.m in Sources */,
				1A55F58C20D8E02D00C4626B /* ZJPageControl.m in Sources */,
				62D38DD520BBAC5A00891601 /* ZJGroupingCollectionViewFlowLayout.m in Sources */,
				629E201B20CE555300E1F7A6 /* ZJBlurEffect.m in Sources */,
				6236E5C120C8C17200082F21 /* ZJAddHeaderViewViewController.m in Sources */,
				62D38DC320BB9ADE00891601 /* main.m in Sources */,
				1A55F58720D8E02D00C4626B /* ZJWaterLayout.m in Sources */,
				62D38DCE20BB9EBE00891601 /* ZJFunctionListController.m in Sources */,
				1A55F58D20D8E02D00C4626B /* UIView+ZJExtension.m in Sources */,
				629E202320CE5FBA00E1F7A6 /* ZJCirleLayoutViewController.m in Sources */,
				62D38DD820BBADD900891601 /* ZJGroupingCollectionViewCell.m in Sources */,
				629E204D20CE68CF00E1F7A6 /* ZJGridLayoutViewController.m in Sources */,
				62F1B85D20CF9E3800300C46 /* ZJWaterLayoutViewController.m in Sources */,
				1A55F58920D8E02D00C4626B /* ZJLineScaleFlowLayout.m in Sources */,
				1A55F58A20D8E02D00C4626B /* ZJGridLayout.m in Sources */,
				6200471620D0A75300D20F69 /* ZJWaterLayoutCollectionViewCell.m in Sources */,
				1A55F59420D9070700C4626B /* ZJCollectionViewRightIndex.m in Sources */,
				1A55F58E20D8E02D00C4626B /* ZJCycleView.m in Sources */,
				629E200A20CE191400E1F7A6 /* ZJMultiSelectCellViewController.m in Sources */,
				6200472320D0C5C800D20F69 /* ZJLineLayoutViewController.m in Sources */,
			);
			runOnlyForDeploymentPostprocessing = 0;
		};
		62D38D9C20BB99EA00891601 /* Sources */ = {
			isa = PBXSourcesBuildPhase;
			buildActionMask = 2147483647;
			files = (
				62D38DA520BB99EA00891601 /* ZJCollectionViewSummaryTests.m in Sources */,
			);
			runOnlyForDeploymentPostprocessing = 0;
		};
		62D38DA720BB99EA00891601 /* Sources */ = {
			isa = PBXSourcesBuildPhase;
			buildActionMask = 2147483647;
			files = (
				62D38DB020BB99EA00891601 /* ZJCollectionViewSummaryUITests.m in Sources */,
			);
			runOnlyForDeploymentPostprocessing = 0;
		};
/* End PBXSourcesBuildPhase section */

/* Begin PBXTargetDependency section */
		62D38DA220BB99EA00891601 /* PBXTargetDependency */ = {
			isa = PBXTargetDependency;
			target = 62D38D8720BB99E400891601 /* ZJCollectionViewSummary */;
			targetProxy = 62D38DA120BB99EA00891601 /* PBXContainerItemProxy */;
		};
		62D38DAD20BB99EA00891601 /* PBXTargetDependency */ = {
			isa = PBXTargetDependency;
			target = 62D38D8720BB99E400891601 /* ZJCollectionViewSummary */;
			targetProxy = 62D38DAC20BB99EA00891601 /* PBXContainerItemProxy */;
		};
/* End PBXTargetDependency section */

/* Begin PBXVariantGroup section */
		62D38D9120BB99E400891601 /* Main.storyboard */ = {
			isa = PBXVariantGroup;
			children = (
				62D38D9220BB99E400891601 /* Base */,
			);
			name = Main.storyboard;
			sourceTree = "<group>";
		};
		62D38D9620BB99E900891601 /* LaunchScreen.storyboard */ = {
			isa = PBXVariantGroup;
			children = (
				62D38D9720BB99E900891601 /* Base */,
			);
			name = LaunchScreen.storyboard;
			sourceTree = "<group>";
		};
/* End PBXVariantGroup section */

/* Begin XCBuildConfiguration section */
		62D38DB220BB99EA00891601 /* Debug */ = {
			isa = XCBuildConfiguration;
			buildSettings = {
				ALWAYS_SEARCH_USER_PATHS = NO;
				CLANG_ANALYZER_NONNULL = YES;
				CLANG_ANALYZER_NUMBER_OBJECT_CONVERSION = YES_AGGRESSIVE;
				CLANG_CXX_LANGUAGE_STANDARD = "gnu++14";
				CLANG_CXX_LIBRARY = "libc++";
				CLANG_ENABLE_MODULES = YES;
				CLANG_ENABLE_OBJC_ARC = YES;
				CLANG_ENABLE_OBJC_WEAK = YES;
				CLANG_WARN_BLOCK_CAPTURE_AUTORELEASING = YES;
				CLANG_WARN_BOOL_CONVERSION = YES;
				CLANG_WARN_COMMA = YES;
				CLANG_WARN_CONSTANT_CONVERSION = YES;
				CLANG_WARN_DEPRECATED_OBJC_IMPLEMENTATIONS = YES;
				CLANG_WARN_DIRECT_OBJC_ISA_USAGE = YES_ERROR;
				CLANG_WARN_DOCUMENTATION_COMMENTS = YES;
				CLANG_WARN_EMPTY_BODY = YES;
				CLANG_WARN_ENUM_CONVERSION = YES;
				CLANG_WARN_INFINITE_RECURSION = YES;
				CLANG_WARN_INT_CONVERSION = YES;
				CLANG_WARN_NON_LITERAL_NULL_CONVERSION = YES;
				CLANG_WARN_OBJC_IMPLICIT_RETAIN_SELF = YES;
				CLANG_WARN_OBJC_LITERAL_CONVERSION = YES;
				CLANG_WARN_OBJC_ROOT_CLASS = YES_ERROR;
				CLANG_WARN_RANGE_LOOP_ANALYSIS = YES;
				CLANG_WARN_STRICT_PROTOTYPES = YES;
				CLANG_WARN_SUSPICIOUS_MOVE = YES;
				CLANG_WARN_UNGUARDED_AVAILABILITY = YES_AGGRESSIVE;
				CLANG_WARN_UNREACHABLE_CODE = YES;
				CLANG_WARN__DUPLICATE_METHOD_MATCH = YES;
				CODE_SIGN_IDENTITY = "iPhone Developer";
				COPY_PHASE_STRIP = NO;
				DEBUG_INFORMATION_FORMAT = dwarf;
				ENABLE_STRICT_OBJC_MSGSEND = YES;
				ENABLE_TESTABILITY = YES;
				GCC_C_LANGUAGE_STANDARD = gnu11;
				GCC_DYNAMIC_NO_PIC = NO;
				GCC_NO_COMMON_BLOCKS = YES;
				GCC_OPTIMIZATION_LEVEL = 0;
				GCC_PREPROCESSOR_DEFINITIONS = (
					"DEBUG=1",
					"$(inherited)",
				);
				GCC_WARN_64_TO_32_BIT_CONVERSION = YES;
				GCC_WARN_ABOUT_RETURN_TYPE = YES_ERROR;
				GCC_WARN_UNDECLARED_SELECTOR = YES;
				GCC_WARN_UNINITIALIZED_AUTOS = YES_AGGRESSIVE;
				GCC_WARN_UNUSED_FUNCTION = YES;
				GCC_WARN_UNUSED_VARIABLE = YES;
				IPHONEOS_DEPLOYMENT_TARGET = 11.3;
				MTL_ENABLE_DEBUG_INFO = YES;
				ONLY_ACTIVE_ARCH = YES;
				SDKROOT = iphoneos;
			};
			name = Debug;
		};
		62D38DB320BB99EA00891601 /* Release */ = {
			isa = XCBuildConfiguration;
			buildSettings = {
				ALWAYS_SEARCH_USER_PATHS = NO;
				CLANG_ANALYZER_NONNULL = YES;
				CLANG_ANALYZER_NUMBER_OBJECT_CONVERSION = YES_AGGRESSIVE;
				CLANG_CXX_LANGUAGE_STANDARD = "gnu++14";
				CLANG_CXX_LIBRARY = "libc++";
				CLANG_ENABLE_MODULES = YES;
				CLANG_ENABLE_OBJC_ARC = YES;
				CLANG_ENABLE_OBJC_WEAK = YES;
				CLANG_WARN_BLOCK_CAPTURE_AUTORELEASING = YES;
				CLANG_WARN_BOOL_CONVERSION = YES;
				CLANG_WARN_COMMA = YES;
				CLANG_WARN_CONSTANT_CONVERSION = YES;
				CLANG_WARN_DEPRECATED_OBJC_IMPLEMENTATIONS = YES;
				CLANG_WARN_DIRECT_OBJC_ISA_USAGE = YES_ERROR;
				CLANG_WARN_DOCUMENTATION_COMMENTS = YES;
				CLANG_WARN_EMPTY_BODY = YES;
				CLANG_WARN_ENUM_CONVERSION = YES;
				CLANG_WARN_INFINITE_RECURSION = YES;
				CLANG_WARN_INT_CONVERSION = YES;
				CLANG_WARN_NON_LITERAL_NULL_CONVERSION = YES;
				CLANG_WARN_OBJC_IMPLICIT_RETAIN_SELF = YES;
				CLANG_WARN_OBJC_LITERAL_CONVERSION = YES;
				CLANG_WARN_OBJC_ROOT_CLASS = YES_ERROR;
				CLANG_WARN_RANGE_LOOP_ANALYSIS = YES;
				CLANG_WARN_STRICT_PROTOTYPES = YES;
				CLANG_WARN_SUSPICIOUS_MOVE = YES;
				CLANG_WARN_UNGUARDED_AVAILABILITY = YES_AGGRESSIVE;
				CLANG_WARN_UNREACHABLE_CODE = YES;
				CLANG_WARN__DUPLICATE_METHOD_MATCH = YES;
				CODE_SIGN_IDENTITY = "iPhone Developer";
				COPY_PHASE_STRIP = NO;
				DEBUG_INFORMATION_FORMAT = "dwarf-with-dsym";
				ENABLE_NS_ASSERTIONS = NO;
				ENABLE_STRICT_OBJC_MSGSEND = YES;
				GCC_C_LANGUAGE_STANDARD = gnu11;
				GCC_NO_COMMON_BLOCKS = YES;
				GCC_WARN_64_TO_32_BIT_CONVERSION = YES;
				GCC_WARN_ABOUT_RETURN_TYPE = YES_ERROR;
				GCC_WARN_UNDECLARED_SELECTOR = YES;
				GCC_WARN_UNINITIALIZED_AUTOS = YES_AGGRESSIVE;
				GCC_WARN_UNUSED_FUNCTION = YES;
				GCC_WARN_UNUSED_VARIABLE = YES;
				IPHONEOS_DEPLOYMENT_TARGET = 11.3;
				MTL_ENABLE_DEBUG_INFO = NO;
				SDKROOT = iphoneos;
				VALIDATE_PRODUCT = YES;
			};
			name = Release;
		};
		62D38DB520BB99EA00891601 /* Debug */ = {
			isa = XCBuildConfiguration;
			baseConfigurationReference = 09F73D2A97B8873FB450A899 /* Pods-ZJCollectionViewSummary.debug.xcconfig */;
			buildSettings = {
				ASSETCATALOG_COMPILER_APPICON_NAME = AppIcon;
				CODE_SIGN_STYLE = Manual;
				DEVELOPMENT_TEAM = "";
				GCC_PRECOMPILE_PREFIX_HEADER = YES;
				GCC_PREFIX_HEADER = "$(SRCROOT)/ZJCollectionViewSummary/Other/PrefixHeader.pch";
				INFOPLIST_FILE = ZJCollectionViewSummary/Other/Info.plist;
				IPHONEOS_DEPLOYMENT_TARGET = 9.0;
				LD_RUNPATH_SEARCH_PATHS = (
					"$(inherited)",
					"@executable_path/Frameworks",
				);
				PRODUCT_BUNDLE_IDENTIFIER = com.Careful.ZJCollectionViewSummary;
				PRODUCT_NAME = "$(TARGET_NAME)";
				PROVISIONING_PROFILE_SPECIFIER = "";
				TARGETED_DEVICE_FAMILY = "1,2";
			};
			name = Debug;
		};
		62D38DB620BB99EA00891601 /* Release */ = {
			isa = XCBuildConfiguration;
			baseConfigurationReference = F2A26FE51F8523FF7210F6D8 /* Pods-ZJCollectionViewSummary.release.xcconfig */;
			buildSettings = {
				ASSETCATALOG_COMPILER_APPICON_NAME = AppIcon;
				CODE_SIGN_STYLE = Manual;
				DEVELOPMENT_TEAM = "";
				GCC_PRECOMPILE_PREFIX_HEADER = YES;
				GCC_PREFIX_HEADER = "$(SRCROOT)/ZJCollectionViewSummary/Other/PrefixHeader.pch";
				INFOPLIST_FILE = ZJCollectionViewSummary/Other/Info.plist;
				IPHONEOS_DEPLOYMENT_TARGET = 9.0;
				LD_RUNPATH_SEARCH_PATHS = (
					"$(inherited)",
					"@executable_path/Frameworks",
				);
				PRODUCT_BUNDLE_IDENTIFIER = com.Careful.ZJCollectionViewSummary;
				PRODUCT_NAME = "$(TARGET_NAME)";
				PROVISIONING_PROFILE_SPECIFIER = "";
				TARGETED_DEVICE_FAMILY = "1,2";
			};
			name = Release;
		};
		62D38DB820BB99EA00891601 /* Debug */ = {
			isa = XCBuildConfiguration;
			buildSettings = {
				BUNDLE_LOADER = "$(TEST_HOST)";
				CODE_SIGN_STYLE = Automatic;
				INFOPLIST_FILE = ZJCollectionViewSummaryTests/Other/Info.plist;
				LD_RUNPATH_SEARCH_PATHS = (
					"$(inherited)",
					"@executable_path/Frameworks",
					"@loader_path/Frameworks",
				);
				PRODUCT_BUNDLE_IDENTIFIER = com..ZJCollectionViewSummaryTests;
				PRODUCT_NAME = "$(TARGET_NAME)";
				TARGETED_DEVICE_FAMILY = "1,2";
				TEST_HOST = "$(BUILT_PRODUCTS_DIR)/ZJCollectionViewSummary.app/ZJCollectionViewSummary";
			};
			name = Debug;
		};
		62D38DB920BB99EA00891601 /* Release */ = {
			isa = XCBuildConfiguration;
			buildSettings = {
				BUNDLE_LOADER = "$(TEST_HOST)";
				CODE_SIGN_STYLE = Automatic;
				INFOPLIST_FILE = ZJCollectionViewSummaryTests/Other/Info.plist;
				LD_RUNPATH_SEARCH_PATHS = (
					"$(inherited)",
					"@executable_path/Frameworks",
					"@loader_path/Frameworks",
				);
				PRODUCT_BUNDLE_IDENTIFIER = com..ZJCollectionViewSummaryTests;
				PRODUCT_NAME = "$(TARGET_NAME)";
				TARGETED_DEVICE_FAMILY = "1,2";
				TEST_HOST = "$(BUILT_PRODUCTS_DIR)/ZJCollectionViewSummary.app/ZJCollectionViewSummary";
			};
			name = Release;
		};
		62D38DBB20BB99EA00891601 /* Debug */ = {
			isa = XCBuildConfiguration;
			buildSettings = {
				CODE_SIGN_STYLE = Automatic;
				INFOPLIST_FILE = ZJCollectionViewSummaryUITests/Other/Info.plist;
				LD_RUNPATH_SEARCH_PATHS = (
					"$(inherited)",
					"@executable_path/Frameworks",
					"@loader_path/Frameworks",
				);
				PRODUCT_BUNDLE_IDENTIFIER = com..ZJCollectionViewSummaryUITests;
				PRODUCT_NAME = "$(TARGET_NAME)";
				TARGETED_DEVICE_FAMILY = "1,2";
				TEST_TARGET_NAME = ZJCollectionViewSummary;
			};
			name = Debug;
		};
		62D38DBC20BB99EA00891601 /* Release */ = {
			isa = XCBuildConfiguration;
			buildSettings = {
				CODE_SIGN_STYLE = Automatic;
				INFOPLIST_FILE = ZJCollectionViewSummaryUITests/Other/Info.plist;
				LD_RUNPATH_SEARCH_PATHS = (
					"$(inherited)",
					"@executable_path/Frameworks",
					"@loader_path/Frameworks",
				);
				PRODUCT_BUNDLE_IDENTIFIER = com..ZJCollectionViewSummaryUITests;
				PRODUCT_NAME = "$(TARGET_NAME)";
				TARGETED_DEVICE_FAMILY = "1,2";
				TEST_TARGET_NAME = ZJCollectionViewSummary;
			};
			name = Release;
		};
/* End XCBuildConfiguration section */

/* Begin XCConfigurationList section */
		62D38D8320BB99E400891601 /* Build configuration list for PBXProject "ZJCollectionViewSummary" */ = {
			isa = XCConfigurationList;
			buildConfigurations = (
				62D38DB220BB99EA00891601 /* Debug */,
				62D38DB320BB99EA00891601 /* Release */,
			);
			defaultConfigurationIsVisible = 0;
			defaultConfigurationName = Release;
		};
		62D38DB420BB99EA00891601 /* Build configuration list for PBXNativeTarget "ZJCollectionViewSummary" */ = {
			isa = XCConfigurationList;
			buildConfigurations = (
				62D38DB520BB99EA00891601 /* Debug */,
				62D38DB620BB99EA00891601 /* Release */,
			);
			defaultConfigurationIsVisible = 0;
			defaultConfigurationName = Release;
		};
		62D38DB720BB99EA00891601 /* Build configuration list for PBXNativeTarget "ZJCollectionViewSummaryTests" */ = {
			isa = XCConfigurationList;
			buildConfigurations = (
				62D38DB820BB99EA00891601 /* Debug */,
				62D38DB920BB99EA00891601 /* Release */,
			);
			defaultConfigurationIsVisible = 0;
			defaultConfigurationName = Release;
		};
		62D38DBA20BB99EA00891601 /* Build configuration list for PBXNativeTarget "ZJCollectionViewSummaryUITests" */ = {
			isa = XCConfigurationList;
			buildConfigurations = (
				62D38DBB20BB99EA00891601 /* Debug */,
				62D38DBC20BB99EA00891601 /* Release */,
			);
			defaultConfigurationIsVisible = 0;
			defaultConfigurationName = Release;
		};
/* End XCConfigurationList section */
	};
	rootObject = 62D38D8020BB99E400891601 /* Project object */;
}
